
Microsoft Visual Studio Solution File, Format Version 12.00
# Visual Studio Version 17
VisualStudioVersion = 17.11.35219.272
MinimumVisualStudioVersion = 10.0.40219.1
Project("{FAE04EC0-301F-11D3-BF4B-00C04F79EFBC}") = "Spout.NETCore", "Spout.NETCore\Spout.NETCore.csproj", "{EF9A4CAE-C807-40D5-890E-BEC7F4C50AF2}"
EndProject
Global
	GlobalSection(SolutionConfigurationPlatforms) = preSolution
		Debug|Any CPU = Debug|Any CPU
		Release|Any CPU = Release|Any CPU
	EndGlobalSection
	GlobalSection(ProjectConfigurationPlatforms) = postSolution
		{EF9A4CAE-C807-40D5-890E-BEC7F4C50AF2}.Debug|Any CPU.ActiveCfg = Debug|Any CPU
		{EF9A4CAE-C807-40D5-890E-BEC7F4C50AF2}.Debug|Any CPU.Build.0 = Debug|Any CPU
		{EF9A4CAE-C807-40D5-890E-BEC7F4C50AF2}.Release|Any CPU.ActiveCfg = Release|Any CPU
		{EF9A4CAE-C807-40D5-890E-BEC7F4C50AF2}.Release|Any CPU.Build.0 = Release|Any CPU
	EndGlobalSection
	GlobalSection(SolutionProperties) = preSolution
		HideSolutionNode = FALSE
	EndGlobalSection
	GlobalSection(ExtensibilityGlobals) = postSolution
		SolutionGuid = {CC314114-EEA1-4DC4-A903-BEC87A3FCE9B}
	EndGlobalSection
EndGlobal
